
Microsoft Visual Studio Solution File, Format Version 12.00
# Visual Studio Version 17
VisualStudioVersion = 17.5.33414.496
MinimumVisualStudioVersion = 10.0.40219.1
Project("{FAE04EC0-301F-11D3-BF4B-00C04F79EFBC}") = "TeamCity", "TeamCity.csproj", "{FC06D58F-F234-4125-9FB0-6F3EA29138E1}"
EndProject
Global
	GlobalSection(SolutionConfigurationPlatforms) = preSolution
		Debug|Any CPU = Debug|Any CPU
		Release|Any CPU = Release|Any CPU
	EndGlobalSection
	GlobalSection(ProjectConfigurationPlatforms) = postSolution
		{FC06D58F-F234-4125-9FB0-6F3EA29138E1}.Debug|Any CPU.ActiveCfg = Debug|Any CPU
		{FC06D58F-F234-4125-9FB0-6F3EA29138E1}.Debug|Any CPU.Build.0 = Debug|Any CPU
		{FC06D58F-F234-4125-9FB0-6F3EA29138E1}.Release|Any CPU.ActiveCfg = Release|Any CPU
		{FC06D58F-F234-4125-9FB0-6F3EA29138E1}.Release|Any CPU.Build.0 = Release|Any CPU
	EndGlobalSection
	GlobalSection(SolutionProperties) = preSolution
		HideSolutionNode = FALSE
	EndGlobalSection
	GlobalSection(ExtensibilityGlobals) = postSolution
		SolutionGuid = {A19978C2-A423-4A8A-9750-9E2B163EC8C6}
	EndGlobalSection
EndGlobal
